{
  "name": "websocket-server",
  "version": "1.0.0",
  "lockfileVersion": 3,
  "requires": true,
  "packages": {
    "": {
      "name": "websocket-server",
      "version": "1.0.0",
      "license": "ISC",
      "dependencies": {
        "@types/node": "^22.15.29",
        "@types/redis": "^4.0.11",
        "@types/websocket": "^1.0.10",
        "@types/ws": "^8.18.1",
        "dotenv": "^16.5.0",
        "hyperdyperid": "^1.2.0",
        "ws": "^8.18.2"
      }
    },
    "node_modules/@redis/bloom": {
      "version": "5.1.0",
      "resolved": "https://registry.npmjs.org/@redis/bloom/-/bloom-5.1.0.tgz",
      "integrity": "sha512-Gp5RWvVKbvItMU2sd848yhY/BnigToz8H4PYcvlBBSP5cQ3lVP1LMh5Kx2CYBNzCdDabVicwBKNvaoLBqPNqIg==",
      "engines": {
        "node": ">= 18"
      },
      "peerDependencies": {
        "@redis/client": "^5.1.0"
      }
    },
    "node_modules/@redis/client": {
      "version": "5.1.0",
      "resolved": "https://registry.npmjs.org/@redis/client/-/client-5.1.0.tgz",
      "integrity": "sha512-FMD35y2KgCWTBLOfF0MhwDSaIVcu5mOUuTV9Kw3JOWHMgON3+ulht31cjTB/gph0BfD1vzUvCeROeRaf/d+35w==",
      "dependencies": {
        "cluster-key-slot": "1.1.2"
      },
      "engines": {
        "node": ">= 18"
      }
    },
    "node_modules/@redis/json": {
      "version": "5.1.0",
      "resolved": "https://registry.npmjs.org/@redis/json/-/json-5.1.0.tgz",
      "integrity": "sha512-laXZt1Rlimk3py5ZoABBnd4xn/8dWbLUWGvVS7avgMhdczS+eWtXpElilJbFpc+7ZpVlol4vaSGFuR8ThDcTFw==",
      "engines": {
        "node": ">= 18"
      },
      "peerDependencies": {
        "@redis/client": "^5.1.0"
      }
    },
    "node_modules/@redis/search": {
      "version": "5.1.0",
      "resolved": "https://registry.npmjs.org/@redis/search/-/search-5.1.0.tgz",
      "integrity": "sha512-afQYMeIdWGNPjr84GxxgJVkolxMW3BBrlNOwhRHPdzbdGh0rTUPjOJpGHBig34ostHX6AhZ6QwqceU1zLluDEg==",
      "engines": {
        "node": ">= 18"
      },
      "peerDependencies": {
        "@redis/client": "^5.1.0"
      }
    },
    "node_modules/@redis/time-series": {
      "version": "5.1.0",
      "resolved": "https://registry.npmjs.org/@redis/time-series/-/time-series-5.1.0.tgz",
      "integrity": "sha512-BjKndLXREPeb4ZtxrI6z1bz2FbzBj7LnWyyevNk6Wd7VRWQ3W10LSvJAJwguPD62mSqpTPhy0lMPqFJwo0gS7A==",
      "engines": {
        "node": ">= 18"
      },
      "peerDependencies": {
        "@redis/client": "^5.1.0"
      }
    },
    "node_modules/@types/node": {
      "version": "22.15.29",
      "resolved": "https://registry.npmjs.org/@types/node/-/node-22.15.29.tgz",
      "integrity": "sha512-LNdjOkUDlU1RZb8e1kOIUpN1qQUlzGkEtbVNo53vbrwDg5om6oduhm4SiUaPW5ASTXhAiP0jInWG8Qx9fVlOeQ==",
      "dependencies": {
        "undici-types": "~6.21.0"
      }
    },
    "node_modules/@types/redis": {
      "version": "4.0.11",
      "resolved": "https://registry.npmjs.org/@types/redis/-/redis-4.0.11.tgz",
      "integrity": "sha512-bI+gth8La8Wg/QCR1+V1fhrL9+LZUSWfcqpOj2Kc80ZQ4ffbdL173vQd5wovmoV9i071FU9oP2g6etLuEwb6Rg==",
      "deprecated": "This is a stub types definition. redis provides its own type definitions, so you do not need this installed.",
      "dependencies": {
        "redis": "*"
      }
    },
    "node_modules/@types/websocket": {
      "version": "1.0.10",
      "resolved": "https://registry.npmjs.org/@types/websocket/-/websocket-1.0.10.tgz",
      "integrity": "sha512-svjGZvPB7EzuYS94cI7a+qhwgGU1y89wUgjT6E2wVUfmAGIvRfT7obBvRtnhXCSsoMdlG4gBFGE7MfkIXZLoww==",
      "dependencies": {
        "@types/node": "*"
      }
    },
    "node_modules/@types/ws": {
      "version": "8.18.1",
      "resolved": "https://registry.npmjs.org/@types/ws/-/ws-8.18.1.tgz",
      "integrity": "sha512-ThVF6DCVhA8kUGy+aazFQ4kXQ7E1Ty7A3ypFOe0IcJV8O/M511G99AW24irKrW56Wt44yG9+ij8FaqoBGkuBXg==",
      "dependencies": {
        "@types/node": "*"
      }
    },
    "node_modules/cluster-key-slot": {
      "version": "1.1.2",
      "resolved": "https://registry.npmjs.org/cluster-key-slot/-/cluster-key-slot-1.1.2.tgz",
      "integrity": "sha512-RMr0FhtfXemyinomL4hrWcYJxmX6deFdCxpJzhDttxgO1+bcCnkk+9drydLVDmAMG7NE6aN/fl4F7ucU/90gAA==",
      "engines": {
        "node": ">=0.10.0"
      }
    },
    "node_modules/dotenv": {
      "version": "16.5.0",
      "resolved": "https://registry.npmjs.org/dotenv/-/dotenv-16.5.0.tgz",
      "integrity": "sha512-m/C+AwOAr9/W1UOIZUo232ejMNnJAJtYQjUbHoNTBNTJSvqzzDh7vnrei3o3r3m9blf6ZoDkvcw0VmozNRFJxg==",
      "engines": {
        "node": ">=12"
      },
      "funding": {
        "url": "https://dotenvx.com"
      }
    },
    "node_modules/hyperdyperid": {
      "version": "1.2.0",
      "resolved": "https://registry.npmjs.org/hyperdyperid/-/hyperdyperid-1.2.0.tgz",
      "integrity": "sha512-Y93lCzHYgGWdrJ66yIktxiaGULYc6oGiABxhcO5AufBeOyoIdZF7bIfLaOrbM0iGIOXQQgxxRrFEnb+Y6w1n4A==",
      "engines": {
        "node": ">=10.18"
      }
    },
    "node_modules/redis": {
      "version": "5.1.0",
      "resolved": "https://registry.npmjs.org/redis/-/redis-5.1.0.tgz",
      "integrity": "sha512-5G5k9sYo5H5L0kd7UETiJZFTkIClH31fSmaEk2eU8E7mrmF0J1t6RqmFXOCJmSRlNd3QyvDUK/AWL9psbKaN0Q==",
      "dependencies": {
        "@redis/bloom": "5.1.0",
        "@redis/client": "5.1.0",
        "@redis/json": "5.1.0",
        "@redis/search": "5.1.0",
        "@redis/time-series": "5.1.0"
      },
      "engines": {
        "node": ">= 18"
      }
    },
    "node_modules/undici-types": {
      "version": "6.21.0",
      "resolved": "https://registry.npmjs.org/undici-types/-/undici-types-6.21.0.tgz",
      "integrity": "sha512-iwDZqg0QAGrg9Rav5H4n0M64c3mkR59cJ6wQp+7C4nI0gsmExaedaYLNO44eT4AtBBwjbTiGPMlt2Md0T9H9JQ=="
    },
    "node_modules/ws": {
      "version": "8.18.2",
      "resolved": "https://registry.npmjs.org/ws/-/ws-8.18.2.tgz",
      "integrity": "sha512-DMricUmwGZUVr++AEAe2uiVM7UoO9MAVZMDu05UQOaUII0lp+zOzLLU4Xqh/JvTqklB1T4uELaaPBKyjE1r4fQ==",
      "engines": {
        "node": ">=10.0.0"
      },
      "peerDependencies": {
        "bufferutil": "^4.0.1",
        "utf-8-validate": ">=5.0.2"
      },
      "peerDependenciesMeta": {
        "bufferutil": {
          "optional": true
        },
        "utf-8-validate": {
          "optional": true
        }
      }
    }
  }
}
